{
  "name": "kachi",
  "version": "0.0.0",
  "lockfileVersion": 1,
  "requires": true,
  "dependencies": {
    "dalkak": {
      "version": "0.6.7",
      "resolved": "https://registry.npmjs.org/dalkak/-/dalkak-0.6.7.tgz",
      "integrity": "sha512-Xl58Ed1GYfmtqEfCF6qZA/LU3CTLt4FsxaxUls8xe7ktMnjIHuVjascSibEaCxQJ3DzvWT4FqSkNr+SQvkpr5Q=="
    }
  }
}
