{
  "name": "kachi",
  "version": "0.0.0",
  "lockfileVersion": 1,
  "requires": true,
  "dependencies": {
    "dalkak": {
      "version": "0.6.8",
      "resolved": "https://registry.npmjs.org/dalkak/-/dalkak-0.6.8.tgz",
      "integrity": "sha512-dwmZ+SexLARTFlMGr1thm6X2dAG/CAQCH26iL2/6L1NPZEh/iWjSKUL04ScmbFfKPEh8Hz8KKm+PKmaiW+kFMA=="
    }
  }
}
